// !$*UTF8*$!
{
	archiveVersion = 1;
	classes = {
	};
	objectVersion = 77;
	objects = {

/* Begin PBXBuildFile section */
		3EC115822EC540BD002BFE19 /* GoogleSignIn in Frameworks */ = {isa = PBXBuildFile; productRef = 3EC115812EC540BD002BFE19 /* GoogleSignIn */; };
/* End PBXBuildFile section */

/* Begin PBXContainerItemProxy section */
		3ECAE3EB2EBA8FAB00751992 /* PBXContainerItemProxy */ = {
			isa = PBXContainerItemProxy;
			containerPortal = 3ECAE3D02EBA8FAB00751992 /* Project object */;
			proxyType = 1;
			remoteGlobalIDString = 3ECAE3D72EBA8FAB00751992;
			remoteInfo = WayFinder;
		};
		3ECAE3F52EBA8FAC00751992 /* PBXContainerItemProxy */ = {
			isa = PBXContainerItemProxy;
			containerPortal = 3ECAE3D02EBA8FAB00751992 /* Project object */;
			proxyType = 1;
			remoteGlobalIDString = 3ECAE3D72EBA8FAB00751992;
			remoteInfo = WayFinder;
		};
/* End PBXContainerItemProxy section */

/* Begin PBXFileReference section */
		3E5B404C2EC92F4B002D8476 /* WayFinder.xcodeproj */ = {isa = PBXFileReference; lastKnownFileType = "wrapper.pb-project"; path = WayFinder.xcodeproj; sourceTree = "<group>"; };
		3E6B3AE82EC650870052FA2C /* WayFinder.xcodeproj */ = {isa = PBXFileReference; lastKnownFileType = "wrapper.pb-project"; path = WayFinder.xcodeproj; sourceTree = "<group>"; };
		3E9ADD072EC9DD06003B961F /* WayFinder.xcodeproj */ = {isa = PBXFileReference; lastKnownFileType = "wrapper.pb-project"; path = WayFinder.xcodeproj; sourceTree = "<group>"; };
		3EC1157D2EC54074002BFE19 /* WayFinder.xcodeproj */ = {isa = PBXFileReference; lastKnownFileType = "wrapper.pb-project"; path = WayFinder.xcodeproj; sourceTree = "<group>"; };
		3EC115BA2EC541E1002BFE19 /* WayFinder.xcodeproj */ = {isa = PBXFileReference; lastKnownFileType = "wrapper.pb-project"; path = WayFinder.xcodeproj; sourceTree = "<group>"; };
		3ECAE3D82EBA8FAB00751992 /* WayFinder.app */ = {isa = PBXFileReference; explicitFileType = wrapper.application; includeInIndex = 0; path = WayFinder.app; sourceTree = BUILT_PRODUCTS_DIR; };
		3ECAE3EA2EBA8FAB00751992 /* WayFinderTests.xctest */ = {isa = PBXFileReference; explicitFileType = wrapper.cfbundle; includeInIndex = 0; path = WayFinderTests.xctest; sourceTree = BUILT_PRODUCTS_DIR; };
		3ECAE3F42EBA8FAC00751992 /* WayFinderUITests.xctest */ = {isa = PBXFileReference; explicitFileType = wrapper.cfbundle; includeInIndex = 0; path = WayFinderUITests.xctest; sourceTree = BUILT_PRODUCTS_DIR; };
		3ECAE3F82EBA8FAC00751992 /* README.md */ = {isa = PBXFileReference; fileEncoding = 4; lastKnownFileType = net.daringfireball.markdown; path = README.md; sourceTree = "<group>"; };
		3ED28F4C2ECAD9D200C657E7 /* WayFinder.xcodeproj */ = {isa = PBXFileReference; lastKnownFileType = "wrapper.pb-project"; path = WayFinder.xcodeproj; sourceTree = "<group>"; };
/* End PBXFileReference section */

/* Begin PBXFileSystemSynchronizedBuildFileExceptionSet section */
		3EC115E92EC5516D002BFE19 /* Exceptions for "WayFinder" folder in "WayFinder" target */ = {
			isa = PBXFileSystemSynchronizedBuildFileExceptionSet;
			membershipExceptions = (
				Info.plist,
			);
			target = 3ECAE3D72EBA8FAB00751992 /* WayFinder */;
		};
/* End PBXFileSystemSynchronizedBuildFileExceptionSet section */

/* Begin PBXFileSystemSynchronizedRootGroup section */
		3ECAE3DA2EBA8FAB00751992 /* WayFinder */ = {
			isa = PBXFileSystemSynchronizedRootGroup;
			exceptions = (
				3EC115E92EC5516D002BFE19 /* Exceptions for "WayFinder" folder in "WayFinder" target */,
			);
			path = WayFinder;
			sourceTree = "<group>";
		};
		3ECAE3ED2EBA8FAB00751992 /* WayFinderTests */ = {
			isa = PBXFileSystemSynchronizedRootGroup;
			path = WayFinderTests;
			sourceTree = "<group>";
		};
		3ECAE3F72EBA8FAC00751992 /* WayFinderUITests */ = {
			isa = PBXFileSystemSynchronizedRootGroup;
			path = WayFinderUITests;
			sourceTree = "<group>";
		};
/* End PBXFileSystemSynchronizedRootGroup section */

/* Begin PBXFrameworksBuildPhase section */
		3ECAE3D52EBA8FAB00751992 /* Frameworks */ = {
			isa = PBXFrameworksBuildPhase;
			buildActionMask = 2147483647;
			files = (
				3EC115822EC540BD002BFE19 /* GoogleSignIn in Frameworks */,
			);
			runOnlyForDeploymentPostprocessing = 0;
		};
		3ECAE3E72EBA8FAB00751992 /* Frameworks */ = {
			isa = PBXFrameworksBuildPhase;
			buildActionMask = 2147483647;
			files = (
			);
			runOnlyForDeploymentPostprocessing = 0;
		};
		3ECAE3F12EBA8FAC00751992 /* Frameworks */ = {
			isa = PBXFrameworksBuildPhase;
			buildActionMask = 2147483647;
			files = (
			);
			runOnlyForDeploymentPostprocessing = 0;
		};
/* End PBXFrameworksBuildPhase section */

/* Begin PBXGroup section */
		3E5B404E2EC92F4B002D8476 /* Products */ = {
			isa = PBXGroup;
			name = Products;
			sourceTree = "<group>";
		};
		3E6B3AEA2EC650870052FA2C /* Products */ = {
			isa = PBXGroup;
			name = Products;
			sourceTree = "<group>";
		};
		3E9ADD092EC9DD06003B961F /* Products */ = {
			isa = PBXGroup;
			name = Products;
			sourceTree = "<group>";
		};
		3EC1157E2EC54074002BFE19 /* Products */ = {
			isa = PBXGroup;
			name = Products;
			sourceTree = "<group>";
		};
		3EC115BC2EC541E1002BFE19 /* Products */ = {
			isa = PBXGroup;
			name = Products;
			sourceTree = "<group>";
		};
		3ECAE3CF2EBA8FAB00751992 = {
			isa = PBXGroup;
			children = (
				3ECAE3DA2EBA8FAB00751992 /* WayFinder */,
				3ECAE3ED2EBA8FAB00751992 /* WayFinderTests */,
				3ECAE3F72EBA8FAC00751992 /* WayFinderUITests */,
				3ECAE3F82EBA8FAC00751992 /* README.md */,
				3ECAE3D92EBA8FAB00751992 /* Products */,
			);
			sourceTree = "<group>";
		};
		3ECAE3D92EBA8FAB00751992 /* Products */ = {
			isa = PBXGroup;
			children = (
				3ECAE3D82EBA8FAB00751992 /* WayFinder.app */,
				3ECAE3EA2EBA8FAB00751992 /* WayFinderTests.xctest */,
				3ECAE3F42EBA8FAC00751992 /* WayFinderUITests.xctest */,
			);
			name = Products;
			sourceTree = "<group>";
		};
		3ED28F4E2ECAD9D200C657E7 /* Products */ = {
			isa = PBXGroup;
			name = Products;
			sourceTree = "<group>";
		};
/* End PBXGroup section */

/* Begin PBXNativeTarget section */
		3ECAE3D72EBA8FAB00751992 /* WayFinder */ = {
			isa = PBXNativeTarget;
			buildConfigurationList = 3ECAE3FE2EBA8FAC00751992 /* Build configuration list for PBXNativeTarget "WayFinder" */;
			buildPhases = (
				3ECAE3D42EBA8FAB00751992 /* Sources */,
				3ECAE3D52EBA8FAB00751992 /* Frameworks */,
				3ECAE3D62EBA8FAB00751992 /* Resources */,
			);
			buildRules = (
			);
			dependencies = (
			);
			fileSystemSynchronizedGroups = (
				3ECAE3DA2EBA8FAB00751992 /* WayFinder */,
			);
			name = WayFinder;
			packageProductDependencies = (
				3EC115812EC540BD002BFE19 /* GoogleSignIn */,
			);
			productName = WayFinder;
			productReference = 3ECAE3D82EBA8FAB00751992 /* WayFinder.app */;
			productType = "com.apple.product-type.application";
		};
		3ECAE3E92EBA8FAB00751992 /* WayFinderTests */ = {
			isa = PBXNativeTarget;
			buildConfigurationList = 3ECAE4012EBA8FAC00751992 /* Build configuration list for PBXNativeTarget "WayFinderTests" */;
			buildPhases = (
				3ECAE3E62EBA8FAB00751992 /* Sources */,
				3ECAE3E72EBA8FAB00751992 /* Frameworks */,
				3ECAE3E82EBA8FAB00751992 /* Resources */,
			);
			buildRules = (
			);
			dependencies = (
				3ECAE3EC2EBA8FAB00751992 /* PBXTargetDependency */,
			);
			fileSystemSynchronizedGroups = (
				3ECAE3ED2EBA8FAB00751992 /* WayFinderTests */,
			);
			name = WayFinderTests;
			packageProductDependencies = (
			);
			productName = WayFinderTests;
			productReference = 3ECAE3EA2EBA8FAB00751992 /* WayFinderTests.xctest */;
			productType = "com.apple.product-type.bundle.unit-test";
		};
		3ECAE3F32EBA8FAC00751992 /* WayFinderUITests */ = {
			isa = PBXNativeTarget;
			buildConfigurationList = 3ECAE4042EBA8FAC00751992 /* Build configuration list for PBXNativeTarget "WayFinderUITests" */;
			buildPhases = (
				3ECAE3F02EBA8FAC00751992 /* Sources */,
				3ECAE3F12EBA8FAC00751992 /* Frameworks */,
				3ECAE3F22EBA8FAC00751992 /* Resources */,
			);
			buildRules = (
			);
			dependencies = (
				3ECAE3F62EBA8FAC00751992 /* PBXTargetDependency */,
			);
			fileSystemSynchronizedGroups = (
				3ECAE3F72EBA8FAC00751992 /* WayFinderUITests */,
			);
			name = WayFinderUITests;
			packageProductDependencies = (
			);
			productName = WayFinderUITests;
			productReference = 3ECAE3F42EBA8FAC00751992 /* WayFinderUITests.xctest */;
			productType = "com.apple.product-type.bundle.ui-testing";
		};
/* End PBXNativeTarget section */

/* Begin PBXProject section */
		3ECAE3D02EBA8FAB00751992 /* Project object */ = {
			isa = PBXProject;
			attributes = {
				BuildIndependentTargetsInParallel = 1;
				LastSwiftUpdateCheck = 1640;
				LastUpgradeCheck = 1640;
				TargetAttributes = {
					3ECAE3D72EBA8FAB00751992 = {
						CreatedOnToolsVersion = 16.4;
					};
					3ECAE3E92EBA8FAB00751992 = {
						CreatedOnToolsVersion = 16.4;
						TestTargetID = 3ECAE3D72EBA8FAB00751992;
					};
					3ECAE3F32EBA8FAC00751992 = {
						CreatedOnToolsVersion = 16.4;
						TestTargetID = 3ECAE3D72EBA8FAB00751992;
					};
				};
			};
			buildConfigurationList = 3ECAE3D32EBA8FAB00751992 /* Build configuration list for PBXProject "WayFinder" */;
			developmentRegion = en;
			hasScannedForEncodings = 0;
			knownRegions = (
				en,
				Base,
				fr,
				ar,
			);
			mainGroup = 3ECAE3CF2EBA8FAB00751992;
			minimizedProjectReferenceProxies = 1;
			packageReferences = (
				3EC115802EC540BC002BFE19 /* XCRemoteSwiftPackageReference "GoogleSignIn-iOS" */,
			);
			preferredProjectObjectVersion = 77;
			productRefGroup = 3ECAE3D92EBA8FAB00751992 /* Products */;
			projectDirPath = "";
			projectReferences = (
				{
					ProductGroup = 3EC115BC2EC541E1002BFE19 /* Products */;
					ProjectRef = 3EC115BA2EC541E1002BFE19 /* WayFinder.xcodeproj */;
				},
				{
					ProductGroup = 3E9ADD092EC9DD06003B961F /* Products */;
					ProjectRef = 3E9ADD072EC9DD06003B961F /* WayFinder.xcodeproj */;
				},
				{
					ProductGroup = 3ED28F4E2ECAD9D200C657E7 /* Products */;
					ProjectRef = 3ED28F4C2ECAD9D200C657E7 /* WayFinder.xcodeproj */;
				},
				{
					ProductGroup = 3E5B404E2EC92F4B002D8476 /* Products */;
					ProjectRef = 3E5B404C2EC92F4B002D8476 /* WayFinder.xcodeproj */;
				},
				{
					ProductGroup = 3E6B3AEA2EC650870052FA2C /* Products */;
					ProjectRef = 3E6B3AE82EC650870052FA2C /* WayFinder.xcodeproj */;
				},
				{
					ProductGroup = 3EC1157E2EC54074002BFE19 /* Products */;
					ProjectRef = 3EC1157D2EC54074002BFE19 /* WayFinder.xcodeproj */;
				},
			);
			projectRoot = "";
			targets = (
				3ECAE3D72EBA8FAB00751992 /* WayFinder */,
				3ECAE3E92EBA8FAB00751992 /* WayFinderTests */,
				3ECAE3F32EBA8FAC00751992 /* WayFinderUITests */,
			);
		};
/* End PBXProject section */

/* Begin PBXResourcesBuildPhase section */
		3ECAE3D62EBA8FAB00751992 /* Resources */ = {
			isa = PBXResourcesBuildPhase;
			buildActionMask = 2147483647;
			files = (
			);
			runOnlyForDeploymentPostprocessing = 0;
		};
		3ECAE3E82EBA8FAB00751992 /* Resources */ = {
			isa = PBXResourcesBuildPhase;
			buildActionMask = 2147483647;
			files = (
			);
			runOnlyForDeploymentPostprocessing = 0;
		};
		3ECAE3F22EBA8FAC00751992 /* Resources */ = {
			isa = PBXResourcesBuildPhase;
			buildActionMask = 2147483647;
			files = (
			);
			runOnlyForDeploymentPostprocessing = 0;
		};
/* End PBXResourcesBuildPhase section */

/* Begin PBXSourcesBuildPhase section */
		3ECAE3D42EBA8FAB00751992 /* Sources */ = {
			isa = PBXSourcesBuildPhase;
			buildActionMask = 2147483647;
			files = (
			);
			runOnlyForDeploymentPostprocessing = 0;
		};
		3ECAE3E62EBA8FAB00751992 /* Sources */ = {
			isa = PBXSourcesBuildPhase;
			buildActionMask = 2147483647;
			files = (
			);
			runOnlyForDeploymentPostprocessing = 0;
		};
		3ECAE3F02EBA8FAC00751992 /* Sources */ = {
			isa = PBXSourcesBuildPhase;
			buildActionMask = 2147483647;
			files = (
			);
			runOnlyForDeploymentPostprocessing = 0;
		};
/* End PBXSourcesBuildPhase section */

/* Begin PBXTargetDependency section */
		3ECAE3EC2EBA8FAB00751992 /* PBXTargetDependency */ = {
			isa = PBXTargetDependency;
			target = 3ECAE3D72EBA8FAB00751992 /* WayFinder */;
			targetProxy = 3ECAE3EB2EBA8FAB00751992 /* PBXContainerItemProxy */;
		};
		3ECAE3F62EBA8FAC00751992 /* PBXTargetDependency */ = {
			isa = PBXTargetDependency;
			target = 3ECAE3D72EBA8FAB00751992 /* WayFinder */;
			targetProxy = 3ECAE3F52EBA8FAC00751992 /* PBXContainerItemProxy */;
		};
/* End PBXTargetDependency section */

/* Begin XCBuildConfiguration section */
		3ECAE3FC2EBA8FAC00751992 /* Debug */ = {
			isa = XCBuildConfiguration;
			buildSettings = {
				ALWAYS_SEARCH_USER_PATHS = NO;
				ASSETCATALOG_COMPILER_GENERATE_SWIFT_ASSET_SYMBOL_EXTENSIONS = YES;
				CLANG_ANALYZER_NONNULL = YES;
				CLANG_ANALYZER_NUMBER_OBJECT_CONVERSION = YES_AGGRESSIVE;
				CLANG_CXX_LANGUAGE_STANDARD = "gnu++20";
				CLANG_ENABLE_MODULES = YES;
				CLANG_ENABLE_OBJC_ARC = YES;
				CLANG_ENABLE_OBJC_WEAK = YES;
				CLANG_WARN_BLOCK_CAPTURE_AUTORELEASING = YES;
				CLANG_WARN_BOOL_CONVERSION = YES;
				CLANG_WARN_COMMA = YES;
				CLANG_WARN_CONSTANT_CONVERSION = YES;
				CLANG_WARN_DEPRECATED_OBJC_IMPLEMENTATIONS = YES;
				CLANG_WARN_DIRECT_OBJC_ISA_USAGE = YES_ERROR;
				CLANG_WARN_DOCUMENTATION_COMMENTS = YES;
				CLANG_WARN_EMPTY_BODY = YES;
				CLANG_WARN_ENUM_CONVERSION = YES;
				CLANG_WARN_INFINITE_RECURSION = YES;
				CLANG_WARN_INT_CONVERSION = YES;
				CLANG_WARN_NON_LITERAL_NULL_CONVERSION = YES;
				CLANG_WARN_OBJC_IMPLICIT_RETAIN_SELF = YES;
				CLANG_WARN_OBJC_LITERAL_CONVERSION = YES;
				CLANG_WARN_OBJC_ROOT_CLASS = YES_ERROR;
				CLANG_WARN_QUOTED_INCLUDE_IN_FRAMEWORK_HEADER = YES;
				CLANG_WARN_RANGE_LOOP_ANALYSIS = YES;
				CLANG_WARN_STRICT_PROTOTYPES = YES;
				CLANG_WARN_SUSPICIOUS_MOVE = YES;
				CLANG_WARN_UNGUARDED_AVAILABILITY = YES_AGGRESSIVE;
				CLANG_WARN_UNREACHABLE_CODE = YES;
				CLANG_WARN__DUPLICATE_METHOD_MATCH = YES;
				COPY_PHASE_STRIP = NO;
				DEBUG_INFORMATION_FORMAT = dwarf;
				ENABLE_STRICT_OBJC_MSGSEND = YES;
				ENABLE_TESTABILITY = YES;
				ENABLE_USER_SCRIPT_SANDBOXING = YES;
				GCC_C_LANGUAGE_STANDARD = gnu17;
				GCC_DYNAMIC_NO_PIC = NO;
				GCC_NO_COMMON_BLOCKS = YES;
				GCC_OPTIMIZATION_LEVEL = 0;
				GCC_PREPROCESSOR_DEFINITIONS = (
					"DEBUG=1",
					"$(inherited)",
				);
				GCC_WARN_64_TO_32_BIT_CONVERSION = YES;
				GCC_WARN_ABOUT_RETURN_TYPE = YES_ERROR;
				GCC_WARN_UNDECLARED_SELECTOR = YES;
				GCC_WARN_UNINITIALIZED_AUTOS = YES_AGGRESSIVE;
				GCC_WARN_UNUSED_FUNCTION = YES;
				GCC_WARN_UNUSED_VARIABLE = YES;
				IPHONEOS_DEPLOYMENT_TARGET = 18.5;
				LOCALIZATION_PREFERS_STRING_CATALOGS = YES;
				MTL_ENABLE_DEBUG_INFO = INCLUDE_SOURCE;
				MTL_FAST_MATH = YES;
				ONLY_ACTIVE_ARCH = YES;
				SDKROOT = iphoneos;
				SWIFT_ACTIVE_COMPILATION_CONDITIONS = "DEBUG $(inherited)";
				SWIFT_OPTIMIZATION_LEVEL = "-Onone";
			};
			name = Debug;
		};
		3ECAE3FD2EBA8FAC00751992 /* Release */ = {
			isa = XCBuildConfiguration;
			buildSettings = {
				ALWAYS_SEARCH_USER_PATHS = NO;
				ASSETCATALOG_COMPILER_GENERATE_SWIFT_ASSET_SYMBOL_EXTENSIONS = YES;
				CLANG_ANALYZER_NONNULL = YES;
				CLANG_ANALYZER_NUMBER_OBJECT_CONVERSION = YES_AGGRESSIVE;
				CLANG_CXX_LANGUAGE_STANDARD = "gnu++20";
				CLANG_ENABLE_MODULES = YES;
				CLANG_ENABLE_OBJC_ARC = YES;
				CLANG_ENABLE_OBJC_WEAK = YES;
				CLANG_WARN_BLOCK_CAPTURE_AUTORELEASING = YES;
				CLANG_WARN_BOOL_CONVERSION = YES;
				CLANG_WARN_COMMA = YES;
				CLANG_WARN_CONSTANT_CONVERSION = YES;
				CLANG_WARN_DEPRECATED_OBJC_IMPLEMENTATIONS = YES;
				CLANG_WARN_DIRECT_OBJC_ISA_USAGE = YES_ERROR;
				CLANG_WARN_DOCUMENTATION_COMMENTS = YES;
				CLANG_WARN_EMPTY_BODY = YES;
				CLANG_WARN_ENUM_CONVERSION = YES;
				CLANG_WARN_INFINITE_RECURSION = YES;
				CLANG_WARN_INT_CONVERSION = YES;
				CLANG_WARN_NON_LITERAL_NULL_CONVERSION = YES;
				CLANG_WARN_OBJC_IMPLICIT_RETAIN_SELF = YES;
				CLANG_WARN_OBJC_LITERAL_CONVERSION = YES;
				CLANG_WARN_OBJC_ROOT_CLASS = YES_ERROR;
				CLANG_WARN_QUOTED_INCLUDE_IN_FRAMEWORK_HEADER = YES;
				CLANG_WARN_RANGE_LOOP_ANALYSIS = YES;
				CLANG_WARN_STRICT_PROTOTYPES = YES;
				CLANG_WARN_SUSPICIOUS_MOVE = YES;
				CLANG_WARN_UNGUARDED_AVAILABILITY = YES_AGGRESSIVE;
				CLANG_WARN_UNREACHABLE_CODE = YES;
				CLANG_WARN__DUPLICATE_METHOD_MATCH = YES;
				COPY_PHASE_STRIP = NO;
				DEBUG_INFORMATION_FORMAT = "dwarf-with-dsym";
				ENABLE_NS_ASSERTIONS = NO;
				ENABLE_STRICT_OBJC_MSGSEND = YES;
				ENABLE_USER_SCRIPT_SANDBOXING = YES;
				GCC_C_LANGUAGE_STANDARD = gnu17;
				GCC_NO_COMMON_BLOCKS = YES;
				GCC_WARN_64_TO_32_BIT_CONVERSION = YES;
				GCC_WARN_ABOUT_RETURN_TYPE = YES_ERROR;
				GCC_WARN_UNDECLARED_SELECTOR = YES;
				GCC_WARN_UNINITIALIZED_AUTOS = YES_AGGRESSIVE;
				GCC_WARN_UNUSED_FUNCTION = YES;
				GCC_WARN_UNUSED_VARIABLE = YES;
				IPHONEOS_DEPLOYMENT_TARGET = 18.5;
				LOCALIZATION_PREFERS_STRING_CATALOGS = YES;
				MTL_ENABLE_DEBUG_INFO = NO;
				MTL_FAST_MATH = YES;
				SDKROOT = iphoneos;
				SWIFT_COMPILATION_MODE = wholemodule;
				VALIDATE_PRODUCT = YES;
			};
			name = Release;
		};
		3ECAE3FF2EBA8FAC00751992 /* Debug */ = {
			isa = XCBuildConfiguration;
			buildSettings = {
				ASSETCATALOG_COMPILER_APPICON_NAME = AppIcon;
				ASSETCATALOG_COMPILER_GLOBAL_ACCENT_COLOR_NAME = AccentColor;
				CODE_SIGN_STYLE = Automatic;
				CURRENT_PROJECT_VERSION = 1;
				ENABLE_PREVIEWS = YES;
				GENERATE_INFOPLIST_FILE = YES;
				INFOPLIST_FILE = WayFinder/Info.plist;
				INFOPLIST_KEY_UIApplicationSceneManifest_Generation = YES;
				INFOPLIST_KEY_UIApplicationSupportsIndirectInputEvents = YES;
				INFOPLIST_KEY_UILaunchScreen_Generation = YES;
				INFOPLIST_KEY_UISupportedInterfaceOrientations_iPad = "UIInterfaceOrientationPortrait UIInterfaceOrientationPortraitUpsideDown UIInterfaceOrientationLandscapeLeft UIInterfaceOrientationLandscapeRight";
				INFOPLIST_KEY_UISupportedInterfaceOrientations_iPhone = "UIInterfaceOrientationPortrait UIInterfaceOrientationLandscapeLeft UIInterfaceOrientationLandscapeRight";
				LD_RUNPATH_SEARCH_PATHS = (
					"$(inherited)",
					"@executable_path/Frameworks",
				);
				MARKETING_VERSION = 1.0;
				PRODUCT_BUNDLE_IDENTIFIER = com.code.WayFinder;
				PRODUCT_NAME = "$(TARGET_NAME)";
				SWIFT_EMIT_LOC_STRINGS = YES;
				SWIFT_VERSION = 5.0;
				TARGETED_DEVICE_FAMILY = "1,2";
			};
			name = Debug;
		};
		3ECAE4002EBA8FAC00751992 /* Release */ = {
			isa = XCBuildConfiguration;
			buildSettings = {
				ASSETCATALOG_COMPILER_APPICON_NAME = AppIcon;
				ASSETCATALOG_COMPILER_GLOBAL_ACCENT_COLOR_NAME = AccentColor;
				CODE_SIGN_STYLE = Automatic;
				CURRENT_PROJECT_VERSION = 1;
				ENABLE_PREVIEWS = YES;
				GENERATE_INFOPLIST_FILE = YES;
				INFOPLIST_FILE = WayFinder/Info.plist;
				INFOPLIST_KEY_UIApplicationSceneManifest_Generation = YES;
				INFOPLIST_KEY_UIApplicationSupportsIndirectInputEvents = YES;
				INFOPLIST_KEY_UILaunchScreen_Generation = YES;
				INFOPLIST_KEY_UISupportedInterfaceOrientations_iPad = "UIInterfaceOrientationPortrait UIInterfaceOrientationPortraitUpsideDown UIInterfaceOrientationLandscapeLeft UIInterfaceOrientationLandscapeRight";
				INFOPLIST_KEY_UISupportedInterfaceOrientations_iPhone = "UIInterfaceOrientationPortrait UIInterfaceOrientationLandscapeLeft UIInterfaceOrientationLandscapeRight";
				LD_RUNPATH_SEARCH_PATHS = (
					"$(inherited)",
					"@executable_path/Frameworks",
				);
				MARKETING_VERSION = 1.0;
				PRODUCT_BUNDLE_IDENTIFIER = com.code.WayFinder;
				PRODUCT_NAME = "$(TARGET_NAME)";
				SWIFT_EMIT_LOC_STRINGS = YES;
				SWIFT_VERSION = 5.0;
				TARGETED_DEVICE_FAMILY = "1,2";
			};
			name = Release;
		};
		3ECAE4022EBA8FAC00751992 /* Debug */ = {
			isa = XCBuildConfiguration;
			buildSettings = {
				BUNDLE_LOADER = "$(TEST_HOST)";
				CODE_SIGN_STYLE = Automatic;
				CURRENT_PROJECT_VERSION = 1;
				GENERATE_INFOPLIST_FILE = YES;
				IPHONEOS_DEPLOYMENT_TARGET = 18.5;
				MARKETING_VERSION = 1.0;
				PRODUCT_BUNDLE_IDENTIFIER = com.code.WayFinderTests;
				PRODUCT_NAME = "$(TARGET_NAME)";
				SWIFT_EMIT_LOC_STRINGS = NO;
				SWIFT_VERSION = 5.0;
				TARGETED_DEVICE_FAMILY = "1,2";
				TEST_HOST = "$(BUILT_PRODUCTS_DIR)/WayFinder.app/$(BUNDLE_EXECUTABLE_FOLDER_PATH)/WayFinder";
			};
			name = Debug;
		};
		3ECAE4032EBA8FAC00751992 /* Release */ = {
			isa = XCBuildConfiguration;
			buildSettings = {
				BUNDLE_LOADER = "$(TEST_HOST)";
				CODE_SIGN_STYLE = Automatic;
				CURRENT_PROJECT_VERSION = 1;
				GENERATE_INFOPLIST_FILE = YES;
				IPHONEOS_DEPLOYMENT_TARGET = 18.5;
				MARKETING_VERSION = 1.0;
				PRODUCT_BUNDLE_IDENTIFIER = com.code.WayFinderTests;
				PRODUCT_NAME = "$(TARGET_NAME)";
				SWIFT_EMIT_LOC_STRINGS = NO;
				SWIFT_VERSION = 5.0;
				TARGETED_DEVICE_FAMILY = "1,2";
				TEST_HOST = "$(BUILT_PRODUCTS_DIR)/WayFinder.app/$(BUNDLE_EXECUTABLE_FOLDER_PATH)/WayFinder";
			};
			name = Release;
		};
		3ECAE4052EBA8FAC00751992 /* Debug */ = {
			isa = XCBuildConfiguration;
			buildSettings = {
				CODE_SIGN_STYLE = Automatic;
				CURRENT_PROJECT_VERSION = 1;
				GENERATE_INFOPLIST_FILE = YES;
				MARKETING_VERSION = 1.0;
				PRODUCT_BUNDLE_IDENTIFIER = com.code.WayFinderUITests;
				PRODUCT_NAME = "$(TARGET_NAME)";
				SWIFT_EMIT_LOC_STRINGS = NO;
				SWIFT_VERSION = 5.0;
				TARGETED_DEVICE_FAMILY = "1,2";
				TEST_TARGET_NAME = WayFinder;
			};
			name = Debug;
		};
		3ECAE4062EBA8FAC00751992 /* Release */ = {
			isa = XCBuildConfiguration;
			buildSettings = {
				CODE_SIGN_STYLE = Automatic;
				CURRENT_PROJECT_VERSION = 1;
				GENERATE_INFOPLIST_FILE = YES;
				MARKETING_VERSION = 1.0;
				PRODUCT_BUNDLE_IDENTIFIER = com.code.WayFinderUITests;
				PRODUCT_NAME = "$(TARGET_NAME)";
				SWIFT_EMIT_LOC_STRINGS = NO;
				SWIFT_VERSION = 5.0;
				TARGETED_DEVICE_FAMILY = "1,2";
				TEST_TARGET_NAME = WayFinder;
			};
			name = Release;
		};
/* End XCBuildConfiguration section */

/* Begin XCConfigurationList section */
		3ECAE3D32EBA8FAB00751992 /* Build configuration list for PBXProject "WayFinder" */ = {
			isa = XCConfigurationList;
			buildConfigurations = (
				3ECAE3FC2EBA8FAC00751992 /* Debug */,
				3ECAE3FD2EBA8FAC00751992 /* Release */,
			);
			defaultConfigurationIsVisible = 0;
			defaultConfigurationName = Release;
		};
		3ECAE3FE2EBA8FAC00751992 /* Build configuration list for PBXNativeTarget "WayFinder" */ = {
			isa = XCConfigurationList;
			buildConfigurations = (
				3ECAE3FF2EBA8FAC00751992 /* Debug */,
				3ECAE4002EBA8FAC00751992 /* Release */,
			);
			defaultConfigurationIsVisible = 0;
			defaultConfigurationName = Release;
		};
		3ECAE4012EBA8FAC00751992 /* Build configuration list for PBXNativeTarget "WayFinderTests" */ = {
			isa = XCConfigurationList;
			buildConfigurations = (
				3ECAE4022EBA8FAC00751992 /* Debug */,
				3ECAE4032EBA8FAC00751992 /* Release */,
			);
			defaultConfigurationIsVisible = 0;
			defaultConfigurationName = Release;
		};
		3ECAE4042EBA8FAC00751992 /* Build configuration list for PBXNativeTarget "WayFinderUITests" */ = {
			isa = XCConfigurationList;
			buildConfigurations = (
				3ECAE4052EBA8FAC00751992 /* Debug */,
				3ECAE4062EBA8FAC00751992 /* Release */,
			);
			defaultConfigurationIsVisible = 0;
			defaultConfigurationName = Release;
		};
/* End XCConfigurationList section */

/* Begin XCRemoteSwiftPackageReference section */
		3EC115802EC540BC002BFE19 /* XCRemoteSwiftPackageReference "GoogleSignIn-iOS" */ = {
			isa = XCRemoteSwiftPackageReference;
			repositoryURL = "https://github.com/google/GoogleSignIn-iOS";
			requirement = {
				kind = upToNextMajorVersion;
				minimumVersion = 9.0.0;
			};
		};
/* End XCRemoteSwiftPackageReference section */

/* Begin XCSwiftPackageProductDependency section */
		3EC115812EC540BD002BFE19 /* GoogleSignIn */ = {
			isa = XCSwiftPackageProductDependency;
			package = 3EC115802EC540BC002BFE19 /* XCRemoteSwiftPackageReference "GoogleSignIn-iOS" */;
			productName = GoogleSignIn;
		};
/* End XCSwiftPackageProductDependency section */
	};
	rootObject = 3ECAE3D02EBA8FAB00751992 /* Project object */;
}
